
Microsoft Visual Studio Solution File, Format Version 12.00
# Visual Studio Version 17
VisualStudioVersion = 17.11.35222.181
MinimumVisualStudioVersion = 10.0.40219.1
Project("{FAE04EC0-301F-11D3-BF4B-00C04F79EFBC}") = "TPE_Capteur", "TPE_Capteur\TPE_Capteur.csproj", "{713DF7B6-0A94-49EA-BEC8-54EBB2AECD5F}"
EndProject
Global
	GlobalSection(SolutionConfigurationPlatforms) = preSolution
		Debug|Any CPU = Debug|Any CPU
		Release|Any CPU = Release|Any CPU
	EndGlobalSection
	GlobalSection(ProjectConfigurationPlatforms) = postSolution
		{713DF7B6-0A94-49EA-BEC8-54EBB2AECD5F}.Debug|Any CPU.ActiveCfg = Debug|Any CPU
		{713DF7B6-0A94-49EA-BEC8-54EBB2AECD5F}.Debug|Any CPU.Build.0 = Debug|Any CPU
		{713DF7B6-0A94-49EA-BEC8-54EBB2AECD5F}.Release|Any CPU.ActiveCfg = Release|Any CPU
		{713DF7B6-0A94-49EA-BEC8-54EBB2AECD5F}.Release|Any CPU.Build.0 = Release|Any CPU
	EndGlobalSection
	GlobalSection(SolutionProperties) = preSolution
		HideSolutionNode = FALSE
	EndGlobalSection
	GlobalSection(ExtensibilityGlobals) = postSolution
		SolutionGuid = {F517E051-E346-4933-8E98-769CFCFB3890}
	EndGlobalSection
EndGlobal
